// !$*UTF8*$!
{
	archiveVersion = 1;
	classes = {
	};
	objectVersion = 56;
	objects = {

/* Begin PBXBuildFile section */
		4D3B1D642A5F95300004C06F /* CoreMLModels in Resources */ = {isa = PBXBuildFile; fileRef = 4D3B1D632A5F95300004C06F /* CoreMLModels */; };
		94E9174B2A5A45C000324937 /* QueryableApp.swift in Sources */ = {isa = PBXBuildFile; fileRef = 94E9174A2A5A45C000324937 /* QueryableApp.swift */; };
		94E917522A5A45C200324937 /* Preview Assets.xcassets in Resources */ = {isa = PBXBuildFile; fileRef = 94E917512A5A45C200324937 /* Preview Assets.xcassets */; };
		94E917B12A5A475B00324937 /* TextEncoder.swift in Sources */ = {isa = PBXBuildFile; fileRef = 94E9178D2A5A475B00324937 /* TextEncoder.swift */; };
		94E917B22A5A475B00324937 /* ImgEncoder.swift in Sources */ = {isa = PBXBuildFile; fileRef = 94E9178E2A5A475B00324937 /* ImgEncoder.swift */; };
		94E917B32A5A475B00324937 /* BPETokenizer.swift in Sources */ = {isa = PBXBuildFile; fileRef = 94E917902A5A475B00324937 /* BPETokenizer.swift */; };
		94E917B42A5A475B00324937 /* BPETokenizer+Reading.swift in Sources */ = {isa = PBXBuildFile; fileRef = 94E917912A5A475B00324937 /* BPETokenizer+Reading.swift */; };
		94E917B52A5A475B00324937 /* Embedding.swift in Sources */ = {isa = PBXBuildFile; fileRef = 94E917932A5A475B00324937 /* Embedding.swift */; };
		94E917B62A5A475B00324937 /* UIImage+Extension.swift in Sources */ = {isa = PBXBuildFile; fileRef = 94E917942A5A475B00324937 /* UIImage+Extension.swift */; };
		94E917B72A5A475B00324937 /* PhotoSearchModel.swift in Sources */ = {isa = PBXBuildFile; fileRef = 94E917952A5A475B00324937 /* PhotoSearchModel.swift */; };
		94E917B82A5A475B00324937 /* DataModel.swift in Sources */ = {isa = PBXBuildFile; fileRef = 94E917972A5A475B00324937 /* DataModel.swift */; };
		94E917B92A5A475B00324937 /* PhotoAssetCollection.swift in Sources */ = {isa = PBXBuildFile; fileRef = 94E917982A5A475B00324937 /* PhotoAssetCollection.swift */; };
		94E917BA2A5A475B00324937 /* CachedImageManager.swift in Sources */ = {isa = PBXBuildFile; fileRef = 94E917992A5A475B00324937 /* CachedImageManager.swift */; };
		94E917BB2A5A475B00324937 /* PhotoCollection.swift in Sources */ = {isa = PBXBuildFile; fileRef = 94E9179A2A5A475B00324937 /* PhotoCollection.swift */; };
		94E917BC2A5A475B00324937 /* PhotoAsset.swift in Sources */ = {isa = PBXBuildFile; fileRef = 94E9179B2A5A475B00324937 /* PhotoAsset.swift */; };
		94E917BD2A5A475B00324937 /* PhotoLibrary.swift in Sources */ = {isa = PBXBuildFile; fileRef = 94E9179C2A5A475B00324937 /* PhotoLibrary.swift */; };
		94E917BE2A5A475B00324937 /* BuildIndexView.swift in Sources */ = {isa = PBXBuildFile; fileRef = 94E9179E2A5A475B00324937 /* BuildIndexView.swift */; };
		94E917BF2A5A475B00324937 /* SimilarPhotoCollectionView.swift in Sources */ = {isa = PBXBuildFile; fileRef = 94E917A02A5A475B00324937 /* SimilarPhotoCollectionView.swift */; };
		94E917C02A5A475B00324937 /* PhotoView.swift in Sources */ = {isa = PBXBuildFile; fileRef = 94E917A12A5A475B00324937 /* PhotoView.swift */; };
		94E917C12A5A475B00324937 /* PhotoItemView.swift in Sources */ = {isa = PBXBuildFile; fileRef = 94E917A22A5A475B00324937 /* PhotoItemView.swift */; };
		94E917C22A5A475B00324937 /* PhotoCollectionView.swift in Sources */ = {isa = PBXBuildFile; fileRef = 94E917A32A5A475B00324937 /* PhotoCollectionView.swift */; };
		94E917C32A5A475B00324937 /* PhotoCollectionViewForMac.swift in Sources */ = {isa = PBXBuildFile; fileRef = 94E917A52A5A475B00324937 /* PhotoCollectionViewForMac.swift */; };
		94E917C42A5A475B00324937 /* PhotoViewForMac.swift in Sources */ = {isa = PBXBuildFile; fileRef = 94E917A62A5A475B00324937 /* PhotoViewForMac.swift */; };
		94E917C52A5A475B00324937 /* SimilarPhotoCollectionViewForMac.swift in Sources */ = {isa = PBXBuildFile; fileRef = 94E917A72A5A475B00324937 /* SimilarPhotoCollectionViewForMac.swift */; };
		94E917C62A5A475B00324937 /* SearchResultViewForMac.swift in Sources */ = {isa = PBXBuildFile; fileRef = 94E917A82A5A475B00324937 /* SearchResultViewForMac.swift */; };
		94E917C72A5A475B00324937 /* SearchBarView.swift in Sources */ = {isa = PBXBuildFile; fileRef = 94E917A92A5A475B00324937 /* SearchBarView.swift */; };
		94E917C82A5A475B00324937 /* SearchResultsView.swift in Sources */ = {isa = PBXBuildFile; fileRef = 94E917AA2A5A475B00324937 /* SearchResultsView.swift */; };
		94E917C92A5A475B00324937 /* ConfigView.swift in Sources */ = {isa = PBXBuildFile; fileRef = 94E917AC2A5A475B00324937 /* ConfigView.swift */; };
		94E917CA2A5A475B00324937 /* EmailHelper.swift in Sources */ = {isa = PBXBuildFile; fileRef = 94E917AD2A5A475B00324937 /* EmailHelper.swift */; };
		94E917CB2A5A475B00324937 /* ContentView.swift in Sources */ = {isa = PBXBuildFile; fileRef = 94E917AE2A5A475B00324937 /* ContentView.swift */; };
		94E917CC2A5A475B00324937 /* PhotoSearcher.swift in Sources */ = {isa = PBXBuildFile; fileRef = 94E917B02A5A475B00324937 /* PhotoSearcher.swift */; };
		94E917DC2A5A47A300324937 /* Localizable.strings in Resources */ = {isa = PBXBuildFile; fileRef = 94E917CE2A5A47A300324937 /* Localizable.strings */; };
		94E917DD2A5A47A300324937 /* Localizable.strings in Resources */ = {isa = PBXBuildFile; fileRef = 94E917D12A5A47A300324937 /* Localizable.strings */; };
		94E917DE2A5A47A300324937 /* Localizable.strings in Resources */ = {isa = PBXBuildFile; fileRef = 94E917D42A5A47A300324937 /* Localizable.strings */; };
		94E917DF2A5A47A300324937 /* Localizable.strings in Resources */ = {isa = PBXBuildFile; fileRef = 94E917D72A5A47A300324937 /* Localizable.strings */; };
		94E917E02A5A47A300324937 /* Localizable.strings in Resources */ = {isa = PBXBuildFile; fileRef = 94E917DA2A5A47A300324937 /* Localizable.strings */; };
		94ECA38F2A5D52060066F64B /* Assets.xcassets in Resources */ = {isa = PBXBuildFile; fileRef = 94ECA38E2A5D52050066F64B /* Assets.xcassets */; };
		DE4D625A2AECD3CF007AB439 /* FeedbackItemView.swift in Sources */ = {isa = PBXBuildFile; fileRef = DE4D62592AECD3CF007AB439 /* FeedbackItemView.swift */; };
/* End PBXBuildFile section */

/* Begin PBXContainerItemProxy section */
		94E917582A5A45C200324937 /* PBXContainerItemProxy */ = {
			isa = PBXContainerItemProxy;
			containerPortal = 94E9173F2A5A45C000324937 /* Project object */;
			proxyType = 1;
			remoteGlobalIDString = 94E917462A5A45C000324937;
			remoteInfo = Queryable;
		};
		94E917622A5A45C200324937 /* PBXContainerItemProxy */ = {
			isa = PBXContainerItemProxy;
			containerPortal = 94E9173F2A5A45C000324937 /* Project object */;
			proxyType = 1;
			remoteGlobalIDString = 94E917462A5A45C000324937;
			remoteInfo = Queryable;
		};
/* End PBXContainerItemProxy section */

/* Begin PBXFileReference section */
		4D3B1D632A5F95300004C06F /* CoreMLModels */ = {isa = PBXFileReference; lastKnownFileType = folder; path = CoreMLModels; sourceTree = "<group>"; };
		94E917472A5A45C000324937 /* Queryable.app */ = {isa = PBXFileReference; explicitFileType = wrapper.application; includeInIndex = 0; path = Queryable.app; sourceTree = BUILT_PRODUCTS_DIR; };
		94E9174A2A5A45C000324937 /* QueryableApp.swift */ = {isa = PBXFileReference; lastKnownFileType = sourcecode.swift; path = QueryableApp.swift; sourceTree = "<group>"; };
		94E917512A5A45C200324937 /* Preview Assets.xcassets */ = {isa = PBXFileReference; lastKnownFileType = folder.assetcatalog; path = "Preview Assets.xcassets"; sourceTree = "<group>"; };
		94E917572A5A45C200324937 /* QueryableTests.xctest */ = {isa = PBXFileReference; explicitFileType = wrapper.cfbundle; includeInIndex = 0; path = QueryableTests.xctest; sourceTree = BUILT_PRODUCTS_DIR; };
		94E917612A5A45C200324937 /* QueryableUITests.xctest */ = {isa = PBXFileReference; explicitFileType = wrapper.cfbundle; includeInIndex = 0; path = QueryableUITests.xctest; sourceTree = BUILT_PRODUCTS_DIR; };
		94E9178D2A5A475B00324937 /* TextEncoder.swift */ = {isa = PBXFileReference; fileEncoding = 4; lastKnownFileType = sourcecode.swift; path = TextEncoder.swift; sourceTree = "<group>"; };
		94E9178E2A5A475B00324937 /* ImgEncoder.swift */ = {isa = PBXFileReference; fileEncoding = 4; lastKnownFileType = sourcecode.swift; path = ImgEncoder.swift; sourceTree = "<group>"; };
		94E917902A5A475B00324937 /* BPETokenizer.swift */ = {isa = PBXFileReference; fileEncoding = 4; lastKnownFileType = sourcecode.swift; path = BPETokenizer.swift; sourceTree = "<group>"; };
		94E917912A5A475B00324937 /* BPETokenizer+Reading.swift */ = {isa = PBXFileReference; fileEncoding = 4; lastKnownFileType = sourcecode.swift; path = "BPETokenizer+Reading.swift"; sourceTree = "<group>"; };
		94E917932A5A475B00324937 /* Embedding.swift */ = {isa = PBXFileReference; fileEncoding = 4; lastKnownFileType = sourcecode.swift; path = Embedding.swift; sourceTree = "<group>"; };
		94E917942A5A475B00324937 /* UIImage+Extension.swift */ = {isa = PBXFileReference; fileEncoding = 4; lastKnownFileType = sourcecode.swift; path = "UIImage+Extension.swift"; sourceTree = "<group>"; };
		94E917952A5A475B00324937 /* PhotoSearchModel.swift */ = {isa = PBXFileReference; fileEncoding = 4; lastKnownFileType = sourcecode.swift; path = PhotoSearchModel.swift; sourceTree = "<group>"; };
		94E917972A5A475B00324937 /* DataModel.swift */ = {isa = PBXFileReference; fileEncoding = 4; lastKnownFileType = sourcecode.swift; path = DataModel.swift; sourceTree = "<group>"; };
		94E917982A5A475B00324937 /* PhotoAssetCollection.swift */ = {isa = PBXFileReference; fileEncoding = 4; lastKnownFileType = sourcecode.swift; path = PhotoAssetCollection.swift; sourceTree = "<group>"; };
		94E917992A5A475B00324937 /* CachedImageManager.swift */ = {isa = PBXFileReference; fileEncoding = 4; lastKnownFileType = sourcecode.swift; path = CachedImageManager.swift; sourceTree = "<group>"; };
		94E9179A2A5A475B00324937 /* PhotoCollection.swift */ = {isa = PBXFileReference; fileEncoding = 4; lastKnownFileType = sourcecode.swift; path = PhotoCollection.swift; sourceTree = "<group>"; };
		94E9179B2A5A475B00324937 /* PhotoAsset.swift */ = {isa = PBXFileReference; fileEncoding = 4; lastKnownFileType = sourcecode.swift; path = PhotoAsset.swift; sourceTree = "<group>"; };
		94E9179C2A5A475B00324937 /* PhotoLibrary.swift */ = {isa = PBXFileReference; fileEncoding = 4; lastKnownFileType = sourcecode.swift; path = PhotoLibrary.swift; sourceTree = "<group>"; };
		94E9179E2A5A475B00324937 /* BuildIndexView.swift */ = {isa = PBXFileReference; fileEncoding = 4; lastKnownFileType = sourcecode.swift; path = BuildIndexView.swift; sourceTree = "<group>"; };
		94E917A02A5A475B00324937 /* SimilarPhotoCollectionView.swift */ = {isa = PBXFileReference; fileEncoding = 4; lastKnownFileType = sourcecode.swift; path = SimilarPhotoCollectionView.swift; sourceTree = "<group>"; };
		94E917A12A5A475B00324937 /* PhotoView.swift */ = {isa = PBXFileReference; fileEncoding = 4; lastKnownFileType = sourcecode.swift; path = PhotoView.swift; sourceTree = "<group>"; };
		94E917A22A5A475B00324937 /* PhotoItemView.swift */ = {isa = PBXFileReference; fileEncoding = 4; lastKnownFileType = sourcecode.swift; path = PhotoItemView.swift; sourceTree = "<group>"; };
		94E917A32A5A475B00324937 /* PhotoCollectionView.swift */ = {isa = PBXFileReference; fileEncoding = 4; lastKnownFileType = sourcecode.swift; path = PhotoCollectionView.swift; sourceTree = "<group>"; };
		94E917A52A5A475B00324937 /* PhotoCollectionViewForMac.swift */ = {isa = PBXFileReference; fileEncoding = 4; lastKnownFileType = sourcecode.swift; path = PhotoCollectionViewForMac.swift; sourceTree = "<group>"; };
		94E917A62A5A475B00324937 /* PhotoViewForMac.swift */ = {isa = PBXFileReference; fileEncoding = 4; lastKnownFileType = sourcecode.swift; path = PhotoViewForMac.swift; sourceTree = "<group>"; };
		94E917A72A5A475B00324937 /* SimilarPhotoCollectionViewForMac.swift */ = {isa = PBXFileReference; fileEncoding = 4; lastKnownFileType = sourcecode.swift; path = SimilarPhotoCollectionViewForMac.swift; sourceTree = "<group>"; };
		94E917A82A5A475B00324937 /* SearchResultViewForMac.swift */ = {isa = PBXFileReference; fileEncoding = 4; lastKnownFileType = sourcecode.swift; path = SearchResultViewForMac.swift; sourceTree = "<group>"; };
		94E917A92A5A475B00324937 /* SearchBarView.swift */ = {isa = PBXFileReference; fileEncoding = 4; lastKnownFileType = sourcecode.swift; path = SearchBarView.swift; sourceTree = "<group>"; };
		94E917AA2A5A475B00324937 /* SearchResultsView.swift */ = {isa = PBXFileReference; fileEncoding = 4; lastKnownFileType = sourcecode.swift; path = SearchResultsView.swift; sourceTree = "<group>"; };
		94E917AC2A5A475B00324937 /* ConfigView.swift */ = {isa = PBXFileReference; fileEncoding = 4; lastKnownFileType = sourcecode.swift; path = ConfigView.swift; sourceTree = "<group>"; };
		94E917AD2A5A475B00324937 /* EmailHelper.swift */ = {isa = PBXFileReference; fileEncoding = 4; lastKnownFileType = sourcecode.swift; path = EmailHelper.swift; sourceTree = "<group>"; };
		94E917AE2A5A475B00324937 /* ContentView.swift */ = {isa = PBXFileReference; fileEncoding = 4; lastKnownFileType = sourcecode.swift; path = ContentView.swift; sourceTree = "<group>"; };
		94E917B02A5A475B00324937 /* PhotoSearcher.swift */ = {isa = PBXFileReference; fileEncoding = 4; lastKnownFileType = sourcecode.swift; path = PhotoSearcher.swift; sourceTree = "<group>"; };
		94E917CF2A5A47A300324937 /* en */ = {isa = PBXFileReference; lastKnownFileType = text.plist.strings; name = en; path = Localizable.strings; sourceTree = "<group>"; };
		94E917D22A5A47A300324937 /* de */ = {isa = PBXFileReference; lastKnownFileType = text.plist.strings; name = de; path = Localizable.strings; sourceTree = "<group>"; };
		94E917D52A5A47A300324937 /* fr */ = {isa = PBXFileReference; lastKnownFileType = text.plist.strings; name = fr; path = Localizable.strings; sourceTree = "<group>"; };
		94E917D82A5A47A300324937 /* it */ = {isa = PBXFileReference; lastKnownFileType = text.plist.strings; name = it; path = Localizable.strings; sourceTree = "<group>"; };
		94E917DB2A5A47A300324937 /* es */ = {isa = PBXFileReference; lastKnownFileType = text.plist.strings; name = es; path = Localizable.strings; sourceTree = "<group>"; };
		94ECA38E2A5D52050066F64B /* Assets.xcassets */ = {isa = PBXFileReference; lastKnownFileType = folder.assetcatalog; path = Assets.xcassets; sourceTree = "<group>"; };
		DE4D62592AECD3CF007AB439 /* FeedbackItemView.swift */ = {isa = PBXFileReference; lastKnownFileType = sourcecode.swift; path = FeedbackItemView.swift; sourceTree = "<group>"; };
/* End PBXFileReference section */

/* Begin PBXFrameworksBuildPhase section */
		94E917442A5A45C000324937 /* Frameworks */ = {
			isa = PBXFrameworksBuildPhase;
			buildActionMask = 2147483647;
			files = (
			);
			runOnlyForDeploymentPostprocessing = 0;
		};
		94E917542A5A45C200324937 /* Frameworks */ = {
			isa = PBXFrameworksBuildPhase;
			buildActionMask = 2147483647;
			files = (
			);
			runOnlyForDeploymentPostprocessing = 0;
		};
		94E9175E2A5A45C200324937 /* Frameworks */ = {
			isa = PBXFrameworksBuildPhase;
			buildActionMask = 2147483647;
			files = (
			);
			runOnlyForDeploymentPostprocessing = 0;
		};
/* End PBXFrameworksBuildPhase section */

/* Begin PBXGroup section */
		94E9173E2A5A45C000324937 = {
			isa = PBXGroup;
			children = (
				94E917D02A5A47A300324937 /* de.lproj */,
				94E917CD2A5A47A300324937 /* en.lproj */,
				94E917D92A5A47A300324937 /* es.lproj */,
				94E917D32A5A47A300324937 /* fr.lproj */,
				94E917D62A5A47A300324937 /* it.lproj */,
				94E917492A5A45C000324937 /* Queryable */,
				94E917482A5A45C000324937 /* Products */,
			);
			sourceTree = "<group>";
		};
		94E917482A5A45C000324937 /* Products */ = {
			isa = PBXGroup;
			children = (
				94E917472A5A45C000324937 /* Queryable.app */,
				94E917572A5A45C200324937 /* QueryableTests.xctest */,
				94E917612A5A45C200324937 /* QueryableUITests.xctest */,
			);
			name = Products;
			sourceTree = "<group>";
		};
		94E917492A5A45C000324937 /* Queryable */ = {
			isa = PBXGroup;
			children = (
				4D3B1D632A5F95300004C06F /* CoreMLModels */,
				94E9178C2A5A475B00324937 /* CLIP */,
				94E917922A5A475B00324937 /* Model */,
				94E917962A5A475B00324937 /* PhotoHelper */,
				94E9179D2A5A475B00324937 /* View */,
				94E917AF2A5A475B00324937 /* ViewModel */,
				94ECA38E2A5D52050066F64B /* Assets.xcassets */,
				94E9174A2A5A45C000324937 /* QueryableApp.swift */,
				94E917502A5A45C200324937 /* Preview Content */,
			);
			path = Queryable;
			sourceTree = "<group>";
		};
		94E917502A5A45C200324937 /* Preview Content */ = {
			isa = PBXGroup;
			children = (
				94E917512A5A45C200324937 /* Preview Assets.xcassets */,
			);
			path = "Preview Content";
			sourceTree = "<group>";
		};
		94E9178C2A5A475B00324937 /* CLIP */ = {
			isa = PBXGroup;
			children = (
				94E9178D2A5A475B00324937 /* TextEncoder.swift */,
				94E9178E2A5A475B00324937 /* ImgEncoder.swift */,
				94E9178F2A5A475B00324937 /* Tokenizer */,
			);
			path = CLIP;
			sourceTree = "<group>";
		};
		94E9178F2A5A475B00324937 /* Tokenizer */ = {
			isa = PBXGroup;
			children = (
				94E917902A5A475B00324937 /* BPETokenizer.swift */,
				94E917912A5A475B00324937 /* BPETokenizer+Reading.swift */,
			);
			path = Tokenizer;
			sourceTree = "<group>";
		};
		94E917922A5A475B00324937 /* Model */ = {
			isa = PBXGroup;
			children = (
				94E917932A5A475B00324937 /* Embedding.swift */,
				94E917942A5A475B00324937 /* UIImage+Extension.swift */,
				94E917952A5A475B00324937 /* PhotoSearchModel.swift */,
			);
			path = Model;
			sourceTree = "<group>";
		};
		94E917962A5A475B00324937 /* PhotoHelper */ = {
			isa = PBXGroup;
			children = (
				94E917972A5A475B00324937 /* DataModel.swift */,
				94E917982A5A475B00324937 /* PhotoAssetCollection.swift */,
				94E917992A5A475B00324937 /* CachedImageManager.swift */,
				94E9179A2A5A475B00324937 /* PhotoCollection.swift */,
				94E9179B2A5A475B00324937 /* PhotoAsset.swift */,
				94E9179C2A5A475B00324937 /* PhotoLibrary.swift */,
			);
			path = PhotoHelper;
			sourceTree = "<group>";
		};
		94E9179D2A5A475B00324937 /* View */ = {
			isa = PBXGroup;
			children = (
				94E9179E2A5A475B00324937 /* BuildIndexView.swift */,
				94E9179F2A5A475B00324937 /* PhotoResult */,
				94E917A42A5A475B00324937 /* ViewForMac */,
				94E917A92A5A475B00324937 /* SearchBarView.swift */,
				94E917AA2A5A475B00324937 /* SearchResultsView.swift */,
				94E917AB2A5A475B00324937 /* ConfigPageViews */,
				94E917AE2A5A475B00324937 /* ContentView.swift */,
			);
			path = View;
			sourceTree = "<group>";
		};
		94E9179F2A5A475B00324937 /* PhotoResult */ = {
			isa = PBXGroup;
			children = (
				94E917A02A5A475B00324937 /* SimilarPhotoCollectionView.swift */,
				94E917A12A5A475B00324937 /* PhotoView.swift */,
				94E917A22A5A475B00324937 /* PhotoItemView.swift */,
				94E917A32A5A475B00324937 /* PhotoCollectionView.swift */,
			);
			path = PhotoResult;
			sourceTree = "<group>";
		};
		94E917A42A5A475B00324937 /* ViewForMac */ = {
			isa = PBXGroup;
			children = (
				94E917A52A5A475B00324937 /* PhotoCollectionViewForMac.swift */,
				94E917A62A5A475B00324937 /* PhotoViewForMac.swift */,
				94E917A72A5A475B00324937 /* SimilarPhotoCollectionViewForMac.swift */,
				94E917A82A5A475B00324937 /* SearchResultViewForMac.swift */,
			);
			path = ViewForMac;
			sourceTree = "<group>";
		};
		94E917AB2A5A475B00324937 /* ConfigPageViews */ = {
			isa = PBXGroup;
			children = (
				94E917AC2A5A475B00324937 /* ConfigView.swift */,
				DE4D62592AECD3CF007AB439 /* FeedbackItemView.swift */,
				94E917AD2A5A475B00324937 /* EmailHelper.swift */,
			);
			path = ConfigPageViews;
			sourceTree = "<group>";
		};
		94E917AF2A5A475B00324937 /* ViewModel */ = {
			isa = PBXGroup;
			children = (
				94E917B02A5A475B00324937 /* PhotoSearcher.swift */,
			);
			path = ViewModel;
			sourceTree = "<group>";
		};
		94E917CD2A5A47A300324937 /* en.lproj */ = {
			isa = PBXGroup;
			children = (
				94E917CE2A5A47A300324937 /* Localizable.strings */,
			);
			path = en.lproj;
			sourceTree = "<group>";
		};
		94E917D02A5A47A300324937 /* de.lproj */ = {
			isa = PBXGroup;
			children = (
				94E917D12A5A47A300324937 /* Localizable.strings */,
			);
			path = de.lproj;
			sourceTree = "<group>";
		};
		94E917D32A5A47A300324937 /* fr.lproj */ = {
			isa = PBXGroup;
			children = (
				94E917D42A5A47A300324937 /* Localizable.strings */,
			);
			path = fr.lproj;
			sourceTree = "<group>";
		};
		94E917D62A5A47A300324937 /* it.lproj */ = {
			isa = PBXGroup;
			children = (
				94E917D72A5A47A300324937 /* Localizable.strings */,
			);
			path = it.lproj;
			sourceTree = "<group>";
		};
		94E917D92A5A47A300324937 /* es.lproj */ = {
			isa = PBXGroup;
			children = (
				94E917DA2A5A47A300324937 /* Localizable.strings */,
			);
			path = es.lproj;
			sourceTree = "<group>";
		};
/* End PBXGroup section */

/* Begin PBXNativeTarget section */
		94E917462A5A45C000324937 /* Queryable */ = {
			isa = PBXNativeTarget;
			buildConfigurationList = 94E9176B2A5A45C200324937 /* Build configuration list for PBXNativeTarget "Queryable" */;
			buildPhases = (
				94E917432A5A45C000324937 /* Sources */,
				94E917442A5A45C000324937 /* Frameworks */,
				94E917452A5A45C000324937 /* Resources */,
			);
			buildRules = (
			);
			dependencies = (
			);
			name = Queryable;
			productName = Queryable;
			productReference = 94E917472A5A45C000324937 /* Queryable.app */;
			productType = "com.apple.product-type.application";
		};
		94E917562A5A45C200324937 /* QueryableTests */ = {
			isa = PBXNativeTarget;
			buildConfigurationList = 94E9176E2A5A45C200324937 /* Build configuration list for PBXNativeTarget "QueryableTests" */;
			buildPhases = (
				94E917532A5A45C200324937 /* Sources */,
				94E917542A5A45C200324937 /* Frameworks */,
				94E917552A5A45C200324937 /* Resources */,
			);
			buildRules = (
			);
			dependencies = (
				94E917592A5A45C200324937 /* PBXTargetDependency */,
			);
			name = QueryableTests;
			productName = QueryableTests;
			productReference = 94E917572A5A45C200324937 /* QueryableTests.xctest */;
			productType = "com.apple.product-type.bundle.unit-test";
		};
		94E917602A5A45C200324937 /* QueryableUITests */ = {
			isa = PBXNativeTarget;
			buildConfigurationList = 94E917712A5A45C200324937 /* Build configuration list for PBXNativeTarget "QueryableUITests" */;
			buildPhases = (
				94E9175D2A5A45C200324937 /* Sources */,
				94E9175E2A5A45C200324937 /* Frameworks */,
				94E9175F2A5A45C200324937 /* Resources */,
			);
			buildRules = (
			);
			dependencies = (
				94E917632A5A45C200324937 /* PBXTargetDependency */,
			);
			name = QueryableUITests;
			productName = QueryableUITests;
			productReference = 94E917612A5A45C200324937 /* QueryableUITests.xctest */;
			productType = "com.apple.product-type.bundle.ui-testing";
		};
/* End PBXNativeTarget section */

/* Begin PBXProject section */
		94E9173F2A5A45C000324937 /* Project object */ = {
			isa = PBXProject;
			attributes = {
				BuildIndependentTargetsInParallel = 1;
				LastSwiftUpdateCheck = 1430;
				LastUpgradeCheck = 1430;
				TargetAttributes = {
					94E917462A5A45C000324937 = {
						CreatedOnToolsVersion = 14.3.1;
					};
					94E917562A5A45C200324937 = {
						CreatedOnToolsVersion = 14.3.1;
						TestTargetID = 94E917462A5A45C000324937;
					};
					94E917602A5A45C200324937 = {
						CreatedOnToolsVersion = 14.3.1;
						TestTargetID = 94E917462A5A45C000324937;
					};
				};
			};
			buildConfigurationList = 94E917422A5A45C000324937 /* Build configuration list for PBXProject "Queryable" */;
			compatibilityVersion = "Xcode 14.0";
			developmentRegion = en;
			hasScannedForEncodings = 0;
			knownRegions = (
				en,
				Base,
				de,
				fr,
				it,
				es,
			);
			mainGroup = 94E9173E2A5A45C000324937;
			productRefGroup = 94E917482A5A45C000324937 /* Products */;
			projectDirPath = "";
			projectRoot = "";
			targets = (
				94E917462A5A45C000324937 /* Queryable */,
				94E917562A5A45C200324937 /* QueryableTests */,
				94E917602A5A45C200324937 /* QueryableUITests */,
			);
		};
/* End PBXProject section */

/* Begin PBXResourcesBuildPhase section */
		94E917452A5A45C000324937 /* Resources */ = {
			isa = PBXResourcesBuildPhase;
			buildActionMask = 2147483647;
			files = (
				94E917DE2A5A47A300324937 /* Localizable.strings in Resources */,
				94E917DF2A5A47A300324937 /* Localizable.strings in Resources */,
				4D3B1D642A5F95300004C06F /* CoreMLModels in Resources */,
				94E917522A5A45C200324937 /* Preview Assets.xcassets in Resources */,
				94E917E02A5A47A300324937 /* Localizable.strings in Resources */,
				94E917DD2A5A47A300324937 /* Localizable.strings in Resources */,
				94E917DC2A5A47A300324937 /* Localizable.strings in Resources */,
				94ECA38F2A5D52060066F64B /* Assets.xcassets in Resources */,
			);
			runOnlyForDeploymentPostprocessing = 0;
		};
		94E917552A5A45C200324937 /* Resources */ = {
			isa = PBXResourcesBuildPhase;
			buildActionMask = 2147483647;
			files = (
			);
			runOnlyForDeploymentPostprocessing = 0;
		};
		94E9175F2A5A45C200324937 /* Resources */ = {
			isa = PBXResourcesBuildPhase;
			buildActionMask = 2147483647;
			files = (
			);
			runOnlyForDeploymentPostprocessing = 0;
		};
/* End PBXResourcesBuildPhase section */

/* Begin PBXSourcesBuildPhase section */
		94E917432A5A45C000324937 /* Sources */ = {
			isa = PBXSourcesBuildPhase;
			buildActionMask = 2147483647;
			files = (
				94E917B42A5A475B00324937 /* BPETokenizer+Reading.swift in Sources */,
				94E917C22A5A475B00324937 /* PhotoCollectionView.swift in Sources */,
				94E917BA2A5A475B00324937 /* CachedImageManager.swift in Sources */,
				94E917BE2A5A475B00324937 /* BuildIndexView.swift in Sources */,
				94E917C02A5A475B00324937 /* PhotoView.swift in Sources */,
				94E917CC2A5A475B00324937 /* PhotoSearcher.swift in Sources */,
				94E917C72A5A475B00324937 /* SearchBarView.swift in Sources */,
				94E917BB2A5A475B00324937 /* PhotoCollection.swift in Sources */,
				94E917B72A5A475B00324937 /* PhotoSearchModel.swift in Sources */,
				94E917B92A5A475B00324937 /* PhotoAssetCollection.swift in Sources */,
				94E917B22A5A475B00324937 /* ImgEncoder.swift in Sources */,
				94E917B52A5A475B00324937 /* Embedding.swift in Sources */,
				94E917BD2A5A475B00324937 /* PhotoLibrary.swift in Sources */,
				94E917C92A5A475B00324937 /* ConfigView.swift in Sources */,
				94E917BF2A5A475B00324937 /* SimilarPhotoCollectionView.swift in Sources */,
				94E917C52A5A475B00324937 /* SimilarPhotoCollectionViewForMac.swift in Sources */,
				94E917BC2A5A475B00324937 /* PhotoAsset.swift in Sources */,
				94E917B62A5A475B00324937 /* UIImage+Extension.swift in Sources */,
				94E917B82A5A475B00324937 /* DataModel.swift in Sources */,
				94E917C82A5A475B00324937 /* SearchResultsView.swift in Sources */,
				94E917C42A5A475B00324937 /* PhotoViewForMac.swift in Sources */,
				94E917B32A5A475B00324937 /* BPETokenizer.swift in Sources */,
				DE4D625A2AECD3CF007AB439 /* FeedbackItemView.swift in Sources */,
				94E917B12A5A475B00324937 /* TextEncoder.swift in Sources */,
				94E9174B2A5A45C000324937 /* QueryableApp.swift in Sources */,
				94E917CA2A5A475B00324937 /* EmailHelper.swift in Sources */,
				94E917C32A5A475B00324937 /* PhotoCollectionViewForMac.swift in Sources */,
				94E917CB2A5A475B00324937 /* ContentView.swift in Sources */,
				94E917C12A5A475B00324937 /* PhotoItemView.swift in Sources */,
				94E917C62A5A475B00324937 /* SearchResultViewForMac.swift in Sources */,
			);
			runOnlyForDeploymentPostprocessing = 0;
		};
		94E917532A5A45C200324937 /* Sources */ = {
			isa = PBXSourcesBuildPhase;
			buildActionMask = 2147483647;
			files = (
			);
			runOnlyForDeploymentPostprocessing = 0;
		};
		94E9175D2A5A45C200324937 /* Sources */ = {
			isa = PBXSourcesBuildPhase;
			buildActionMask = 2147483647;
			files = (
			);
			runOnlyForDeploymentPostprocessing = 0;
		};
/* End PBXSourcesBuildPhase section */

/* Begin PBXTargetDependency section */
		94E917592A5A45C200324937 /* PBXTargetDependency */ = {
			isa = PBXTargetDependency;
			target = 94E917462A5A45C000324937 /* Queryable */;
			targetProxy = 94E917582A5A45C200324937 /* PBXContainerItemProxy */;
		};
		94E917632A5A45C200324937 /* PBXTargetDependency */ = {
			isa = PBXTargetDependency;
			target = 94E917462A5A45C000324937 /* Queryable */;
			targetProxy = 94E917622A5A45C200324937 /* PBXContainerItemProxy */;
		};
/* End PBXTargetDependency section */

/* Begin PBXVariantGroup section */
		94E917CE2A5A47A300324937 /* Localizable.strings */ = {
			isa = PBXVariantGroup;
			children = (
				94E917CF2A5A47A300324937 /* en */,
			);
			name = Localizable.strings;
			sourceTree = "<group>";
		};
		94E917D12A5A47A300324937 /* Localizable.strings */ = {
			isa = PBXVariantGroup;
			children = (
				94E917D22A5A47A300324937 /* de */,
			);
			name = Localizable.strings;
			sourceTree = "<group>";
		};
		94E917D42A5A47A300324937 /* Localizable.strings */ = {
			isa = PBXVariantGroup;
			children = (
				94E917D52A5A47A300324937 /* fr */,
			);
			name = Localizable.strings;
			sourceTree = "<group>";
		};
		94E917D72A5A47A300324937 /* Localizable.strings */ = {
			isa = PBXVariantGroup;
			children = (
				94E917D82A5A47A300324937 /* it */,
			);
			name = Localizable.strings;
			sourceTree = "<group>";
		};
		94E917DA2A5A47A300324937 /* Localizable.strings */ = {
			isa = PBXVariantGroup;
			children = (
				94E917DB2A5A47A300324937 /* es */,
			);
			name = Localizable.strings;
			sourceTree = "<group>";
		};
/* End PBXVariantGroup section */

/* Begin XCBuildConfiguration section */
		94E917692A5A45C200324937 /* Debug */ = {
			isa = XCBuildConfiguration;
			buildSettings = {
				ALWAYS_SEARCH_USER_PATHS = NO;
				CLANG_ANALYZER_NONNULL = YES;
				CLANG_ANALYZER_NUMBER_OBJECT_CONVERSION = YES_AGGRESSIVE;
				CLANG_CXX_LANGUAGE_STANDARD = "gnu++20";
				CLANG_ENABLE_MODULES = YES;
				CLANG_ENABLE_OBJC_ARC = YES;
				CLANG_ENABLE_OBJC_WEAK = YES;
				CLANG_WARN_BLOCK_CAPTURE_AUTORELEASING = YES;
				CLANG_WARN_BOOL_CONVERSION = YES;
				CLANG_WARN_COMMA = YES;
				CLANG_WARN_CONSTANT_CONVERSION = YES;
				CLANG_WARN_DEPRECATED_OBJC_IMPLEMENTATIONS = YES;
				CLANG_WARN_DIRECT_OBJC_ISA_USAGE = YES_ERROR;
				CLANG_WARN_DOCUMENTATION_COMMENTS = YES;
				CLANG_WARN_EMPTY_BODY = YES;
				CLANG_WARN_ENUM_CONVERSION = YES;
				CLANG_WARN_INFINITE_RECURSION = YES;
				CLANG_WARN_INT_CONVERSION = YES;
				CLANG_WARN_NON_LITERAL_NULL_CONVERSION = YES;
				CLANG_WARN_OBJC_IMPLICIT_RETAIN_SELF = YES;
				CLANG_WARN_OBJC_LITERAL_CONVERSION = YES;
				CLANG_WARN_OBJC_ROOT_CLASS = YES_ERROR;
				CLANG_WARN_QUOTED_INCLUDE_IN_FRAMEWORK_HEADER = YES;
				CLANG_WARN_RANGE_LOOP_ANALYSIS = YES;
				CLANG_WARN_STRICT_PROTOTYPES = YES;
				CLANG_WARN_SUSPICIOUS_MOVE = YES;
				CLANG_WARN_UNGUARDED_AVAILABILITY = YES_AGGRESSIVE;
				CLANG_WARN_UNREACHABLE_CODE = YES;
				CLANG_WARN__DUPLICATE_METHOD_MATCH = YES;
				COPY_PHASE_STRIP = NO;
				DEBUG_INFORMATION_FORMAT = dwarf;
				ENABLE_STRICT_OBJC_MSGSEND = YES;
				ENABLE_TESTABILITY = YES;
				GCC_C_LANGUAGE_STANDARD = gnu11;
				GCC_DYNAMIC_NO_PIC = NO;
				GCC_NO_COMMON_BLOCKS = YES;
				GCC_OPTIMIZATION_LEVEL = 0;
				GCC_PREPROCESSOR_DEFINITIONS = (
					"DEBUG=1",
					"$(inherited)",
				);
				GCC_WARN_64_TO_32_BIT_CONVERSION = YES;
				GCC_WARN_ABOUT_RETURN_TYPE = YES_ERROR;
				GCC_WARN_UNDECLARED_SELECTOR = YES;
				GCC_WARN_UNINITIALIZED_AUTOS = YES_AGGRESSIVE;
				GCC_WARN_UNUSED_FUNCTION = YES;
				GCC_WARN_UNUSED_VARIABLE = YES;
				IPHONEOS_DEPLOYMENT_TARGET = 16.4;
				MTL_ENABLE_DEBUG_INFO = INCLUDE_SOURCE;
				MTL_FAST_MATH = YES;
				ONLY_ACTIVE_ARCH = YES;
				SDKROOT = iphoneos;
				SWIFT_ACTIVE_COMPILATION_CONDITIONS = DEBUG;
				SWIFT_OPTIMIZATION_LEVEL = "-Onone";
			};
			name = Debug;
		};
		94E9176A2A5A45C200324937 /* Release */ = {
			isa = XCBuildConfiguration;
			buildSettings = {
				ALWAYS_SEARCH_USER_PATHS = NO;
				CLANG_ANALYZER_NONNULL = YES;
				CLANG_ANALYZER_NUMBER_OBJECT_CONVERSION = YES_AGGRESSIVE;
				CLANG_CXX_LANGUAGE_STANDARD = "gnu++20";
				CLANG_ENABLE_MODULES = YES;
				CLANG_ENABLE_OBJC_ARC = YES;
				CLANG_ENABLE_OBJC_WEAK = YES;
				CLANG_WARN_BLOCK_CAPTURE_AUTORELEASING = YES;
				CLANG_WARN_BOOL_CONVERSION = YES;
				CLANG_WARN_COMMA = YES;
				CLANG_WARN_CONSTANT_CONVERSION = YES;
				CLANG_WARN_DEPRECATED_OBJC_IMPLEMENTATIONS = YES;
				CLANG_WARN_DIRECT_OBJC_ISA_USAGE = YES_ERROR;
				CLANG_WARN_DOCUMENTATION_COMMENTS = YES;
				CLANG_WARN_EMPTY_BODY = YES;
				CLANG_WARN_ENUM_CONVERSION = YES;
				CLANG_WARN_INFINITE_RECURSION = YES;
				CLANG_WARN_INT_CONVERSION = YES;
				CLANG_WARN_NON_LITERAL_NULL_CONVERSION = YES;
				CLANG_WARN_OBJC_IMPLICIT_RETAIN_SELF = YES;
				CLANG_WARN_OBJC_LITERAL_CONVERSION = YES;
				CLANG_WARN_OBJC_ROOT_CLASS = YES_ERROR;
				CLANG_WARN_QUOTED_INCLUDE_IN_FRAMEWORK_HEADER = YES;
				CLANG_WARN_RANGE_LOOP_ANALYSIS = YES;
				CLANG_WARN_STRICT_PROTOTYPES = YES;
				CLANG_WARN_SUSPICIOUS_MOVE = YES;
				CLANG_WARN_UNGUARDED_AVAILABILITY = YES_AGGRESSIVE;
				CLANG_WARN_UNREACHABLE_CODE = YES;
				CLANG_WARN__DUPLICATE_METHOD_MATCH = YES;
				COPY_PHASE_STRIP = NO;
				DEBUG_INFORMATION_FORMAT = "dwarf-with-dsym";
				ENABLE_NS_ASSERTIONS = NO;
				ENABLE_STRICT_OBJC_MSGSEND = YES;
				GCC_C_LANGUAGE_STANDARD = gnu11;
				GCC_NO_COMMON_BLOCKS = YES;
				GCC_WARN_64_TO_32_BIT_CONVERSION = YES;
				GCC_WARN_ABOUT_RETURN_TYPE = YES_ERROR;
				GCC_WARN_UNDECLARED_SELECTOR = YES;
				GCC_WARN_UNINITIALIZED_AUTOS = YES_AGGRESSIVE;
				GCC_WARN_UNUSED_FUNCTION = YES;
				GCC_WARN_UNUSED_VARIABLE = YES;
				IPHONEOS_DEPLOYMENT_TARGET = 16.4;
				MTL_ENABLE_DEBUG_INFO = NO;
				MTL_FAST_MATH = YES;
				SDKROOT = iphoneos;
				SWIFT_COMPILATION_MODE = wholemodule;
				SWIFT_OPTIMIZATION_LEVEL = "-O";
				VALIDATE_PRODUCT = YES;
			};
			name = Release;
		};
		94E9176C2A5A45C200324937 /* Debug */ = {
			isa = XCBuildConfiguration;
			buildSettings = {
				ASSETCATALOG_COMPILER_APPICON_NAME = AppIcon;
				ASSETCATALOG_COMPILER_GLOBAL_ACCENT_COLOR_NAME = AccentColor;
				CODE_SIGN_STYLE = Automatic;
				CURRENT_PROJECT_VERSION = 1;
				DEVELOPMENT_ASSET_PATHS = "\"Queryable/Preview Content\"";
				DEVELOPMENT_TEAM = "";
				ENABLE_PREVIEWS = YES;
				GENERATE_INFOPLIST_FILE = YES;
				INFOPLIST_KEY_NSPhotoLibraryUsageDescription = "Allow access to all your photos for offline search.";
				INFOPLIST_KEY_UIApplicationSceneManifest_Generation = YES;
				INFOPLIST_KEY_UIApplicationSupportsIndirectInputEvents = YES;
				INFOPLIST_KEY_UILaunchScreen_Generation = YES;
				INFOPLIST_KEY_UISupportedInterfaceOrientations_iPad = "UIInterfaceOrientationPortrait UIInterfaceOrientationPortraitUpsideDown UIInterfaceOrientationLandscapeLeft UIInterfaceOrientationLandscapeRight";
				INFOPLIST_KEY_UISupportedInterfaceOrientations_iPhone = "UIInterfaceOrientationPortrait UIInterfaceOrientationLandscapeLeft UIInterfaceOrientationLandscapeRight";
				IPHONEOS_DEPLOYMENT_TARGET = 16.0;
				LD_RUNPATH_SEARCH_PATHS = (
					"$(inherited)",
					"@executable_path/Frameworks",
				);
				MARKETING_VERSION = 1.0;
				PRODUCT_BUNDLE_IDENTIFIER = com.mazzystar.Queryable;
				PRODUCT_NAME = "$(TARGET_NAME)";
				SWIFT_EMIT_LOC_STRINGS = YES;
				SWIFT_VERSION = 5.0;
				TARGETED_DEVICE_FAMILY = "1,2";
			};
			name = Debug;
		};
		94E9176D2A5A45C200324937 /* Release */ = {
			isa = XCBuildConfiguration;
			buildSettings = {
				ASSETCATALOG_COMPILER_APPICON_NAME = AppIcon;
				ASSETCATALOG_COMPILER_GLOBAL_ACCENT_COLOR_NAME = AccentColor;
				CODE_SIGN_STYLE = Automatic;
				CURRENT_PROJECT_VERSION = 1;
				DEVELOPMENT_ASSET_PATHS = "\"Queryable/Preview Content\"";
				DEVELOPMENT_TEAM = "";
				ENABLE_PREVIEWS = YES;
				GENERATE_INFOPLIST_FILE = YES;
				INFOPLIST_KEY_NSPhotoLibraryUsageDescription = "Allow access to all your photos for offline search.";
				INFOPLIST_KEY_UIApplicationSceneManifest_Generation = YES;
				INFOPLIST_KEY_UIApplicationSupportsIndirectInputEvents = YES;
				INFOPLIST_KEY_UILaunchScreen_Generation = YES;
				INFOPLIST_KEY_UISupportedInterfaceOrientations_iPad = "UIInterfaceOrientationPortrait UIInterfaceOrientationPortraitUpsideDown UIInterfaceOrientationLandscapeLeft UIInterfaceOrientationLandscapeRight";
				INFOPLIST_KEY_UISupportedInterfaceOrientations_iPhone = "UIInterfaceOrientationPortrait UIInterfaceOrientationLandscapeLeft UIInterfaceOrientationLandscapeRight";
				IPHONEOS_DEPLOYMENT_TARGET = 16.0;
				LD_RUNPATH_SEARCH_PATHS = (
					"$(inherited)",
					"@executable_path/Frameworks",
				);
				MARKETING_VERSION = 1.0;
				PRODUCT_BUNDLE_IDENTIFIER = com.mazzystar.Queryable;
				PRODUCT_NAME = "$(TARGET_NAME)";
				SWIFT_EMIT_LOC_STRINGS = YES;
				SWIFT_VERSION = 5.0;
				TARGETED_DEVICE_FAMILY = "1,2";
			};
			name = Release;
		};
		94E9176F2A5A45C200324937 /* Debug */ = {
			isa = XCBuildConfiguration;
			buildSettings = {
				ALWAYS_EMBED_SWIFT_STANDARD_LIBRARIES = YES;
				BUNDLE_LOADER = "$(TEST_HOST)";
				CODE_SIGN_STYLE = Automatic;
				CURRENT_PROJECT_VERSION = 1;
				DEVELOPMENT_TEAM = 8ZKRT2YUM5;
				GENERATE_INFOPLIST_FILE = YES;
				IPHONEOS_DEPLOYMENT_TARGET = 16.4;
				MARKETING_VERSION = 1.0;
				PRODUCT_BUNDLE_IDENTIFIER = com.mazzystar.QueryableTests;
				PRODUCT_NAME = "$(TARGET_NAME)";
				SWIFT_EMIT_LOC_STRINGS = NO;
				SWIFT_VERSION = 5.0;
				TARGETED_DEVICE_FAMILY = "1,2";
				TEST_HOST = "$(BUILT_PRODUCTS_DIR)/Queryable.app/$(BUNDLE_EXECUTABLE_FOLDER_PATH)/Queryable";
			};
			name = Debug;
		};
		94E917702A5A45C200324937 /* Release */ = {
			isa = XCBuildConfiguration;
			buildSettings = {
				ALWAYS_EMBED_SWIFT_STANDARD_LIBRARIES = YES;
				BUNDLE_LOADER = "$(TEST_HOST)";
				CODE_SIGN_STYLE = Automatic;
				CURRENT_PROJECT_VERSION = 1;
				DEVELOPMENT_TEAM = 8ZKRT2YUM5;
				GENERATE_INFOPLIST_FILE = YES;
				IPHONEOS_DEPLOYMENT_TARGET = 16.4;
				MARKETING_VERSION = 1.0;
				PRODUCT_BUNDLE_IDENTIFIER = com.mazzystar.QueryableTests;
				PRODUCT_NAME = "$(TARGET_NAME)";
				SWIFT_EMIT_LOC_STRINGS = NO;
				SWIFT_VERSION = 5.0;
				TARGETED_DEVICE_FAMILY = "1,2";
				TEST_HOST = "$(BUILT_PRODUCTS_DIR)/Queryable.app/$(BUNDLE_EXECUTABLE_FOLDER_PATH)/Queryable";
			};
			name = Release;
		};
		94E917722A5A45C200324937 /* Debug */ = {
			isa = XCBuildConfiguration;
			buildSettings = {
				ALWAYS_EMBED_SWIFT_STANDARD_LIBRARIES = YES;
				CODE_SIGN_STYLE = Automatic;
				CURRENT_PROJECT_VERSION = 1;
				DEVELOPMENT_TEAM = 8ZKRT2YUM5;
				GENERATE_INFOPLIST_FILE = YES;
				MARKETING_VERSION = 1.0;
				PRODUCT_BUNDLE_IDENTIFIER = com.mazzystar.QueryableUITests;
				PRODUCT_NAME = "$(TARGET_NAME)";
				SWIFT_EMIT_LOC_STRINGS = NO;
				SWIFT_VERSION = 5.0;
				TARGETED_DEVICE_FAMILY = "1,2";
				TEST_TARGET_NAME = Queryable;
			};
			name = Debug;
		};
		94E917732A5A45C200324937 /* Release */ = {
			isa = XCBuildConfiguration;
			buildSettings = {
				ALWAYS_EMBED_SWIFT_STANDARD_LIBRARIES = YES;
				CODE_SIGN_STYLE = Automatic;
				CURRENT_PROJECT_VERSION = 1;
				DEVELOPMENT_TEAM = 8ZKRT2YUM5;
				GENERATE_INFOPLIST_FILE = YES;
				MARKETING_VERSION = 1.0;
				PRODUCT_BUNDLE_IDENTIFIER = com.mazzystar.QueryableUITests;
				PRODUCT_NAME = "$(TARGET_NAME)";
				SWIFT_EMIT_LOC_STRINGS = NO;
				SWIFT_VERSION = 5.0;
				TARGETED_DEVICE_FAMILY = "1,2";
				TEST_TARGET_NAME = Queryable;
			};
			name = Release;
		};
/* End XCBuildConfiguration section */

/* Begin XCConfigurationList section */
		94E917422A5A45C000324937 /* Build configuration list for PBXProject "Queryable" */ = {
			isa = XCConfigurationList;
			buildConfigurations = (
				94E917692A5A45C200324937 /* Debug */,
				94E9176A2A5A45C200324937 /* Release */,
			);
			defaultConfigurationIsVisible = 0;
			defaultConfigurationName = Release;
		};
		94E9176B2A5A45C200324937 /* Build configuration list for PBXNativeTarget "Queryable" */ = {
			isa = XCConfigurationList;
			buildConfigurations = (
				94E9176C2A5A45C200324937 /* Debug */,
				94E9176D2A5A45C200324937 /* Release */,
			);
			defaultConfigurationIsVisible = 0;
			defaultConfigurationName = Release;
		};
		94E9176E2A5A45C200324937 /* Build configuration list for PBXNativeTarget "QueryableTests" */ = {
			isa = XCConfigurationList;
			buildConfigurations = (
				94E9176F2A5A45C200324937 /* Debug */,
				94E917702A5A45C200324937 /* Release */,
			);
			defaultConfigurationIsVisible = 0;
			defaultConfigurationName = Release;
		};
		94E917712A5A45C200324937 /* Build configuration list for PBXNativeTarget "QueryableUITests" */ = {
			isa = XCConfigurationList;
			buildConfigurations = (
				94E917722A5A45C200324937 /* Debug */,
				94E917732A5A45C200324937 /* Release */,
			);
			defaultConfigurationIsVisible = 0;
			defaultConfigurationName = Release;
		};
/* End XCConfigurationList section */
	};
	rootObject = 94E9173F2A5A45C000324937 /* Project object */;
}
